{
  "nodes": {
    "devenv": {
      "locked": {
        "dir": "src/modules",
<<<<<<< HEAD
        "lastModified": 1776354588,
        "narHash": "sha256-NOsJcVAG63emvdlQSpSGQjvHHxcGDfBHd/cgtpduerw=",
        "owner": "cachix",
        "repo": "devenv",
        "rev": "d7aba90c41ee261d215cbe09cf92393cc0ff2606",
=======
        "lastModified": 1777679510,
        "narHash": "sha256-uG8LPb1useAwa0cjO5sEkYhCSPjbWiCH3DyNxQLVSck=",
        "owner": "cachix",
        "repo": "devenv",
        "rev": "bc8b21628907c726c74094cedc439c10a455cdb7",
>>>>>>> a9bd247 (Update devenv.lock)
        "type": "github"
      },
      "original": {
        "dir": "src/modules",
        "owner": "cachix",
        "repo": "devenv",
        "type": "github"
      }
    },
    "flake-compat": {
      "flake": false,
      "locked": {
        "lastModified": 1767039857,
        "narHash": "sha256-vNpUSpF5Nuw8xvDLj2KCwwksIbjua2LZCqhV1LNRDns=",
        "owner": "edolstra",
        "repo": "flake-compat",
        "rev": "5edf11c44bc78a0d334f6334cdaf7d60d732daab",
        "type": "github"
      },
      "original": {
        "owner": "edolstra",
        "repo": "flake-compat",
        "type": "github"
      }
    },
    "nixpkgs": {
      "inputs": {
        "nixpkgs-src": "nixpkgs-src"
      },
      "locked": {
<<<<<<< HEAD
        "lastModified": 1776348333,
        "narHash": "sha256-ZyrYhlLGGuN5ieW7pE65meJJYnNz5el9vJtGBEJyDMQ=",
        "owner": "cachix",
        "repo": "devenv-nixpkgs",
        "rev": "efff47329167854ce48541c7ef731bf120753c7e",
=======
        "lastModified": 1776852779,
        "narHash": "sha256-WwO/ITisCXwyiRgtktZgv3iGhAGO+IB5Av4kKCwezR0=",
        "owner": "cachix",
        "repo": "devenv-nixpkgs",
        "rev": "ec3063523dcd911aeadb50faa589f237cdab5853",
>>>>>>> a9bd247 (Update devenv.lock)
        "type": "github"
      },
      "original": {
        "owner": "cachix",
        "ref": "rolling",
        "repo": "devenv-nixpkgs",
        "type": "github"
      }
    },
    "nixpkgs-python": {
      "inputs": {
        "flake-compat": "flake-compat",
        "nixpkgs": [
          "nixpkgs"
        ]
      },
      "locked": {
        "lastModified": 1777642067,
        "narHash": "sha256-6eDIurv/KtJPS/oUT2ZPYzbTq7Qr4GEn3w7JNgObidY=",
        "owner": "cachix",
        "repo": "nixpkgs-python",
        "rev": "0e0fd8c0fb36b707d0f90c38b13265d366db8798",
        "type": "github"
      },
      "original": {
        "owner": "cachix",
        "repo": "nixpkgs-python",
        "type": "github"
      }
    },
    "nixpkgs-src": {
      "flake": false,
      "locked": {
<<<<<<< HEAD
        "lastModified": 1775888245,
        "narHash": "sha256-nwASzrRDD1JBEu/o8ekKYEXm/oJW6EMCzCRdrwcLe90=",
        "owner": "NixOS",
        "repo": "nixpkgs",
        "rev": "13043924aaa7375ce482ebe2494338e058282925",
=======
        "lastModified": 1776329215,
        "narHash": "sha256-a8BYi3mzoJ/AcJP8UldOx8emoPRLeWqALZWu4ZvjPXw=",
        "owner": "NixOS",
        "repo": "nixpkgs",
        "rev": "b86751bc4085f48661017fa226dee99fab6c651b",
>>>>>>> a9bd247 (Update devenv.lock)
        "type": "github"
      },
      "original": {
        "owner": "NixOS",
        "ref": "nixpkgs-unstable",
        "repo": "nixpkgs",
        "type": "github"
      }
    },
    "nixpkgs-upstream": {
      "locked": {
<<<<<<< HEAD
        "lastModified": 1776221942,
        "narHash": "sha256-FbQAeVNi7G4v3QCSThrSAAvzQTmrmyDLiHNPvTF2qFM=",
        "owner": "NixOS",
        "repo": "nixpkgs",
        "rev": "1766437c5509f444c1b15331e82b8b6a9b967000",
=======
        "lastModified": 1777428379,
        "narHash": "sha256-ypxFOeDz+CqADEQNL72haqGjvZQdBR5Vc7pyx2JDttI=",
        "owner": "NixOS",
        "repo": "nixpkgs",
        "rev": "755f5aa91337890c432639c60b6064bb7fe67769",
>>>>>>> a9bd247 (Update devenv.lock)
        "type": "github"
      },
      "original": {
        "owner": "NixOS",
        "ref": "nixos-25.11",
        "repo": "nixpkgs",
        "type": "github"
      }
    },
    "root": {
      "inputs": {
        "devenv": "devenv",
        "nixpkgs": "nixpkgs",
        "nixpkgs-python": "nixpkgs-python",
        "nixpkgs-upstream": "nixpkgs-upstream"
      }
    }
  },
  "root": "root",
  "version": 7
}